
Microsoft Visual Studio Solution File, Format Version 12.00
# Visual Studio Version 17
VisualStudioVersion = 17.8.34330.188
MinimumVisualStudioVersion = 10.0.40219.1
Project("{2150E333-8FDC-42A3-9474-1A3956D46DE8}") = "Microservicios", "Microservicios", "{BDA410D1-BD0C-4ACF-B393-70B3DB98F5D0}"
EndProject
Project("{2150E333-8FDC-42A3-9474-1A3956D46DE8}") = "LibroMicroservicio", "LibroMicroservicio", "{25E874C8-4A7A-4CE4-893D-DFDFFDC8AA41}"
EndProject
Project("{9A19103F-16F7-4668-BE54-9A1E7A4F7556}") = "LibroDomain", "LibroDomain\LibroDomain.csproj", "{7F52B089-AA8B-4BFA-ACA6-158A4BD36B76}"
EndProject
Project("{9A19103F-16F7-4668-BE54-9A1E7A4F7556}") = "LibroApi", "LibroApi\LibroApi.csproj", "{A8994EBA-88C5-4F0A-9D4E-C6B7FB26CC27}"
EndProject
Project("{9A19103F-16F7-4668-BE54-9A1E7A4F7556}") = "LibroInfrastructure", "LibroInfrastructure\LibroInfrastructure.csproj", "{1C206D7D-4656-44FD-8E96-6E28628471B0}"
EndProject
Project("{2150E333-8FDC-42A3-9474-1A3956D46DE8}") = "EstudianteMicroservicio", "EstudianteMicroservicio", "{6DCD2CB9-8DCE-446B-83BC-F754CA3E2F0B}"
EndProject
Project("{9A19103F-16F7-4668-BE54-9A1E7A4F7556}") = "EstudianteApi", "EstudianteApi\EstudianteApi.csproj", "{EA4837AA-FE4B-43ED-8D54-AD0CEFEF8F4E}"
EndProject
Project("{9A19103F-16F7-4668-BE54-9A1E7A4F7556}") = "EstudianteDomain", "EstudianteDomain\EstudianteDomain.csproj", "{5EA172B2-074A-4089-BD63-DBDE6FD94B99}"
EndProject
Project("{9A19103F-16F7-4668-BE54-9A1E7A4F7556}") = "EstudianteInfrastructure", "EstudianteInfrastructure\EstudianteInfrastructure.csproj", "{DDFC0BE9-61CB-4622-9D23-FB9EA859E526}"
EndProject
Project("{2150E333-8FDC-42A3-9474-1A3956D46DE8}") = "PrestamoMicroservicio", "PrestamoMicroservicio", "{2B631211-357B-417D-94F8-EDFA941A7F28}"
EndProject
Project("{9A19103F-16F7-4668-BE54-9A1E7A4F7556}") = "PrestamoApi", "PrestamoApi\PrestamoApi.csproj", "{E9A3ADEA-0A67-4B3B-BF91-6C3553AD8D9D}"
EndProject
Project("{9A19103F-16F7-4668-BE54-9A1E7A4F7556}") = "PrestamoDomain", "PrestamoDomain\PrestamoDomain.csproj", "{2EF87BFF-BDFA-4E71-BF67-F9614ED49764}"
EndProject
Project("{9A19103F-16F7-4668-BE54-9A1E7A4F7556}") = "PrestamoInfrastructure", "PrestamoInfrastructure\PrestamoInfrastructure.csproj", "{95C614FB-97AA-414C-8B94-D0F10DB09D6A}"
EndProject
Project("{2150E333-8FDC-42A3-9474-1A3956D46DE8}") = "ApiGateway", "ApiGateway", "{339F4E17-031D-45F2-9333-DF7298B51E04}"
EndProject
Project("{9A19103F-16F7-4668-BE54-9A1E7A4F7556}") = "ApiGateway", "ApiGateway\ApiGateway.csproj", "{DC89C7E1-9849-4671-A23C-629948A2709A}"
EndProject
Project("{2150E333-8FDC-42A3-9474-1A3956D46DE8}") = "UI", "UI", "{123A877F-0B91-4C9A-B72D-9CFEF6135E23}"
EndProject
Project("{9A19103F-16F7-4668-BE54-9A1E7A4F7556}") = "AppCliente", "AppCliente\AppCliente.csproj", "{CEA78E56-E012-4FBE-93AC-C48F55146E2F}"
EndProject
Project("{E53339B2-1760-4266-BCC7-CA923CBCF16C}") = "docker-compose", "docker-compose.dcproj", "{022F0EAF-A599-411B-BB65-9DD04D40C662}"
EndProject
Global
	GlobalSection(SolutionConfigurationPlatforms) = preSolution
		Debug|Any CPU = Debug|Any CPU
		Release|Any CPU = Release|Any CPU
	EndGlobalSection
	GlobalSection(ProjectConfigurationPlatforms) = postSolution
		{7F52B089-AA8B-4BFA-ACA6-158A4BD36B76}.Debug|Any CPU.ActiveCfg = Debug|Any CPU
		{7F52B089-AA8B-4BFA-ACA6-158A4BD36B76}.Debug|Any CPU.Build.0 = Debug|Any CPU
		{7F52B089-AA8B-4BFA-ACA6-158A4BD36B76}.Release|Any CPU.ActiveCfg = Release|Any CPU
		{7F52B089-AA8B-4BFA-ACA6-158A4BD36B76}.Release|Any CPU.Build.0 = Release|Any CPU
		{A8994EBA-88C5-4F0A-9D4E-C6B7FB26CC27}.Debug|Any CPU.ActiveCfg = Debug|Any CPU
		{A8994EBA-88C5-4F0A-9D4E-C6B7FB26CC27}.Debug|Any CPU.Build.0 = Debug|Any CPU
		{A8994EBA-88C5-4F0A-9D4E-C6B7FB26CC27}.Release|Any CPU.ActiveCfg = Release|Any CPU
		{A8994EBA-88C5-4F0A-9D4E-C6B7FB26CC27}.Release|Any CPU.Build.0 = Release|Any CPU
		{1C206D7D-4656-44FD-8E96-6E28628471B0}.Debug|Any CPU.ActiveCfg = Debug|Any CPU
		{1C206D7D-4656-44FD-8E96-6E28628471B0}.Debug|Any CPU.Build.0 = Debug|Any CPU
		{1C206D7D-4656-44FD-8E96-6E28628471B0}.Release|Any CPU.ActiveCfg = Release|Any CPU
		{1C206D7D-4656-44FD-8E96-6E28628471B0}.Release|Any CPU.Build.0 = Release|Any CPU
		{EA4837AA-FE4B-43ED-8D54-AD0CEFEF8F4E}.Debug|Any CPU.ActiveCfg = Debug|Any CPU
		{EA4837AA-FE4B-43ED-8D54-AD0CEFEF8F4E}.Debug|Any CPU.Build.0 = Debug|Any CPU
		{EA4837AA-FE4B-43ED-8D54-AD0CEFEF8F4E}.Release|Any CPU.ActiveCfg = Release|Any CPU
		{EA4837AA-FE4B-43ED-8D54-AD0CEFEF8F4E}.Release|Any CPU.Build.0 = Release|Any CPU
		{5EA172B2-074A-4089-BD63-DBDE6FD94B99}.Debug|Any CPU.ActiveCfg = Debug|Any CPU
		{5EA172B2-074A-4089-BD63-DBDE6FD94B99}.Debug|Any CPU.Build.0 = Debug|Any CPU
		{5EA172B2-074A-4089-BD63-DBDE6FD94B99}.Release|Any CPU.ActiveCfg = Release|Any CPU
		{5EA172B2-074A-4089-BD63-DBDE6FD94B99}.Release|Any CPU.Build.0 = Release|Any CPU
		{DDFC0BE9-61CB-4622-9D23-FB9EA859E526}.Debug|Any CPU.ActiveCfg = Debug|Any CPU
		{DDFC0BE9-61CB-4622-9D23-FB9EA859E526}.Debug|Any CPU.Build.0 = Debug|Any CPU
		{DDFC0BE9-61CB-4622-9D23-FB9EA859E526}.Release|Any CPU.ActiveCfg = Release|Any CPU
		{DDFC0BE9-61CB-4622-9D23-FB9EA859E526}.Release|Any CPU.Build.0 = Release|Any CPU
		{E9A3ADEA-0A67-4B3B-BF91-6C3553AD8D9D}.Debug|Any CPU.ActiveCfg = Debug|Any CPU
		{E9A3ADEA-0A67-4B3B-BF91-6C3553AD8D9D}.Debug|Any CPU.Build.0 = Debug|Any CPU
		{E9A3ADEA-0A67-4B3B-BF91-6C3553AD8D9D}.Release|Any CPU.ActiveCfg = Release|Any CPU
		{E9A3ADEA-0A67-4B3B-BF91-6C3553AD8D9D}.Release|Any CPU.Build.0 = Release|Any CPU
		{2EF87BFF-BDFA-4E71-BF67-F9614ED49764}.Debug|Any CPU.ActiveCfg = Debug|Any CPU
		{2EF87BFF-BDFA-4E71-BF67-F9614ED49764}.Debug|Any CPU.Build.0 = Debug|Any CPU
		{2EF87BFF-BDFA-4E71-BF67-F9614ED49764}.Release|Any CPU.ActiveCfg = Release|Any CPU
		{2EF87BFF-BDFA-4E71-BF67-F9614ED49764}.Release|Any CPU.Build.0 = Release|Any CPU
		{95C614FB-97AA-414C-8B94-D0F10DB09D6A}.Debug|Any CPU.ActiveCfg = Debug|Any CPU
		{95C614FB-97AA-414C-8B94-D0F10DB09D6A}.Debug|Any CPU.Build.0 = Debug|Any CPU
		{95C614FB-97AA-414C-8B94-D0F10DB09D6A}.Release|Any CPU.ActiveCfg = Release|Any CPU
		{95C614FB-97AA-414C-8B94-D0F10DB09D6A}.Release|Any CPU.Build.0 = Release|Any CPU
		{DC89C7E1-9849-4671-A23C-629948A2709A}.Debug|Any CPU.ActiveCfg = Debug|Any CPU
		{DC89C7E1-9849-4671-A23C-629948A2709A}.Debug|Any CPU.Build.0 = Debug|Any CPU
		{DC89C7E1-9849-4671-A23C-629948A2709A}.Release|Any CPU.ActiveCfg = Release|Any CPU
		{DC89C7E1-9849-4671-A23C-629948A2709A}.Release|Any CPU.Build.0 = Release|Any CPU
		{CEA78E56-E012-4FBE-93AC-C48F55146E2F}.Debug|Any CPU.ActiveCfg = Debug|Any CPU
		{CEA78E56-E012-4FBE-93AC-C48F55146E2F}.Debug|Any CPU.Build.0 = Debug|Any CPU
		{CEA78E56-E012-4FBE-93AC-C48F55146E2F}.Release|Any CPU.ActiveCfg = Release|Any CPU
		{CEA78E56-E012-4FBE-93AC-C48F55146E2F}.Release|Any CPU.Build.0 = Release|Any CPU
		{022F0EAF-A599-411B-BB65-9DD04D40C662}.Debug|Any CPU.ActiveCfg = Debug|Any CPU
		{022F0EAF-A599-411B-BB65-9DD04D40C662}.Debug|Any CPU.Build.0 = Debug|Any CPU
		{022F0EAF-A599-411B-BB65-9DD04D40C662}.Release|Any CPU.ActiveCfg = Release|Any CPU
		{022F0EAF-A599-411B-BB65-9DD04D40C662}.Release|Any CPU.Build.0 = Release|Any CPU
	EndGlobalSection
	GlobalSection(SolutionProperties) = preSolution
		HideSolutionNode = FALSE
	EndGlobalSection
	GlobalSection(NestedProjects) = preSolution
		{25E874C8-4A7A-4CE4-893D-DFDFFDC8AA41} = {BDA410D1-BD0C-4ACF-B393-70B3DB98F5D0}
		{7F52B089-AA8B-4BFA-ACA6-158A4BD36B76} = {25E874C8-4A7A-4CE4-893D-DFDFFDC8AA41}
		{A8994EBA-88C5-4F0A-9D4E-C6B7FB26CC27} = {25E874C8-4A7A-4CE4-893D-DFDFFDC8AA41}
		{1C206D7D-4656-44FD-8E96-6E28628471B0} = {25E874C8-4A7A-4CE4-893D-DFDFFDC8AA41}
		{6DCD2CB9-8DCE-446B-83BC-F754CA3E2F0B} = {BDA410D1-BD0C-4ACF-B393-70B3DB98F5D0}
		{EA4837AA-FE4B-43ED-8D54-AD0CEFEF8F4E} = {6DCD2CB9-8DCE-446B-83BC-F754CA3E2F0B}
		{5EA172B2-074A-4089-BD63-DBDE6FD94B99} = {6DCD2CB9-8DCE-446B-83BC-F754CA3E2F0B}
		{DDFC0BE9-61CB-4622-9D23-FB9EA859E526} = {6DCD2CB9-8DCE-446B-83BC-F754CA3E2F0B}
		{2B631211-357B-417D-94F8-EDFA941A7F28} = {BDA410D1-BD0C-4ACF-B393-70B3DB98F5D0}
		{E9A3ADEA-0A67-4B3B-BF91-6C3553AD8D9D} = {2B631211-357B-417D-94F8-EDFA941A7F28}
		{2EF87BFF-BDFA-4E71-BF67-F9614ED49764} = {2B631211-357B-417D-94F8-EDFA941A7F28}
		{95C614FB-97AA-414C-8B94-D0F10DB09D6A} = {2B631211-357B-417D-94F8-EDFA941A7F28}
		{DC89C7E1-9849-4671-A23C-629948A2709A} = {339F4E17-031D-45F2-9333-DF7298B51E04}
		{CEA78E56-E012-4FBE-93AC-C48F55146E2F} = {123A877F-0B91-4C9A-B72D-9CFEF6135E23}
	EndGlobalSection
	GlobalSection(ExtensibilityGlobals) = postSolution
		SolutionGuid = {E4B9C76A-E44D-4CE6-9139-D2C83975F6B4}
	EndGlobalSection
EndGlobal
